
Microsoft Visual Studio Solution File, Format Version 12.00
# Visual Studio Version 16
VisualStudioVersion = 25.0.1705.7
MinimumVisualStudioVersion = 10.0.40219.1
Project("{FAE04EC0-301F-11D3-BF4B-00C04F79EFBC}") = "lab7", "lab7\lab7.csproj", "{FB81793B-D3F7-4452-AC17-2B3077954AFB}"
EndProject
Global
	GlobalSection(SolutionConfigurationPlatforms) = preSolution
		Debug|Any CPU = Debug|Any CPU
		Release|Any CPU = Release|Any CPU
	EndGlobalSection
	GlobalSection(ProjectConfigurationPlatforms) = postSolution
		{FB81793B-D3F7-4452-AC17-2B3077954AFB}.Debug|Any CPU.ActiveCfg = Debug|Any CPU
		{FB81793B-D3F7-4452-AC17-2B3077954AFB}.Debug|Any CPU.Build.0 = Debug|Any CPU
		{FB81793B-D3F7-4452-AC17-2B3077954AFB}.Release|Any CPU.ActiveCfg = Release|Any CPU
		{FB81793B-D3F7-4452-AC17-2B3077954AFB}.Release|Any CPU.Build.0 = Release|Any CPU
	EndGlobalSection
	GlobalSection(SolutionProperties) = preSolution
		HideSolutionNode = FALSE
	EndGlobalSection
	GlobalSection(ExtensibilityGlobals) = postSolution
		SolutionGuid = {C6CB9FDE-AD21-49C4-917E-C033AAF000B1}
	EndGlobalSection
EndGlobal
